
Microsoft Visual Studio Solution File, Format Version 12.00
# Visual Studio Version 16
VisualStudioVersion = 16.0.32407.337
MinimumVisualStudioVersion = 10.0.40219.1
Project("{FAE04EC0-301F-11D3-BF4B-00C04F79EFBC}") = "EsarpSatis", "EsarpSatis\EsarpSatis.csproj", "{FCF04A69-9B0E-444A-BD43-8FFCD78227AD}"
EndProject
Global
	GlobalSection(SolutionConfigurationPlatforms) = preSolution
		Debug|Any CPU = Debug|Any CPU
		Release|Any CPU = Release|Any CPU
	EndGlobalSection
	GlobalSection(ProjectConfigurationPlatforms) = postSolution
		{FCF04A69-9B0E-444A-BD43-8FFCD78227AD}.Debug|Any CPU.ActiveCfg = Debug|Any CPU
		{FCF04A69-9B0E-444A-BD43-8FFCD78227AD}.Debug|Any CPU.Build.0 = Debug|Any CPU
		{FCF04A69-9B0E-444A-BD43-8FFCD78227AD}.Release|Any CPU.ActiveCfg = Release|Any CPU
		{FCF04A69-9B0E-444A-BD43-8FFCD78227AD}.Release|Any CPU.Build.0 = Release|Any CPU
	EndGlobalSection
	GlobalSection(SolutionProperties) = preSolution
		HideSolutionNode = FALSE
	EndGlobalSection
	GlobalSection(ExtensibilityGlobals) = postSolution
		SolutionGuid = {E8E9E97A-45B6-4476-A11D-BFF8437DF182}
	EndGlobalSection
EndGlobal
